
Microsoft Visual Studio Solution File, Format Version 12.00
# Visual Studio Version 17
VisualStudioVersion = 17.8.34316.72
MinimumVisualStudioVersion = 10.0.40219.1
Project("{8BC9CEB8-8B4A-11D0-8D11-00A0C91BC942}") = "AxlesCounter", "AxlesCounter\AxlesCounter.vcxproj", "{F23A67D8-2229-4B0D-9C9D-EF41E7CE61E2}"
EndProject
Global
	GlobalSection(SolutionConfigurationPlatforms) = preSolution
		Debug|x64 = Debug|x64
		Debug|x86 = Debug|x86
		Release|x64 = Release|x64
		Release|x86 = Release|x86
	EndGlobalSection
	GlobalSection(ProjectConfigurationPlatforms) = postSolution
		{F23A67D8-2229-4B0D-9C9D-EF41E7CE61E2}.Debug|x64.ActiveCfg = Debug|x64
		{F23A67D8-2229-4B0D-9C9D-EF41E7CE61E2}.Debug|x64.Build.0 = Debug|x64
		{F23A67D8-2229-4B0D-9C9D-EF41E7CE61E2}.Debug|x86.ActiveCfg = Debug|Win32
		{F23A67D8-2229-4B0D-9C9D-EF41E7CE61E2}.Debug|x86.Build.0 = Debug|Win32
		{F23A67D8-2229-4B0D-9C9D-EF41E7CE61E2}.Release|x64.ActiveCfg = Release|x64
		{F23A67D8-2229-4B0D-9C9D-EF41E7CE61E2}.Release|x64.Build.0 = Release|x64
		{F23A67D8-2229-4B0D-9C9D-EF41E7CE61E2}.Release|x86.ActiveCfg = Release|Win32
		{F23A67D8-2229-4B0D-9C9D-EF41E7CE61E2}.Release|x86.Build.0 = Release|Win32
	EndGlobalSection
	GlobalSection(SolutionProperties) = preSolution
		HideSolutionNode = FALSE
	EndGlobalSection
	GlobalSection(ExtensibilityGlobals) = postSolution
		SolutionGuid = {E6DFB4EC-66E5-426B-9438-39B91FE845ED}
	EndGlobalSection
EndGlobal
